// !$*UTF8*$!
{
	archiveVersion = 1;
	classes = {
	};
	objectVersion = 46;
	objects = {

/* Begin PBXBuildFile section */
		281C9E531B90EECF00233380 /* ApiClient.swift in Sources */ = {isa = PBXBuildFile; fileRef = 281C9E521B90EECF00233380 /* ApiClient.swift */; };
		28378AB41B8D0CB000AC342A /* AppDelegate.swift in Sources */ = {isa = PBXBuildFile; fileRef = 28378AB31B8D0CB000AC342A /* AppDelegate.swift */; };
		28378AB61B8D0CB000AC342A /* StartupViewController.swift in Sources */ = {isa = PBXBuildFile; fileRef = 28378AB51B8D0CB000AC342A /* StartupViewController.swift */; };
		28378AB91B8D0CB000AC342A /* Main.storyboard in Resources */ = {isa = PBXBuildFile; fileRef = 28378AB71B8D0CB000AC342A /* Main.storyboard */; };
		28378ABB1B8D0CB000AC342A /* Images.xcassets in Resources */ = {isa = PBXBuildFile; fileRef = 28378ABA1B8D0CB000AC342A /* Images.xcassets */; };
		28378ACA1B8D0CB000AC342A /* TrailsTests.swift in Sources */ = {isa = PBXBuildFile; fileRef = 28378AC91B8D0CB000AC342A /* TrailsTests.swift */; };
		28378AD81B8D21FB00AC342A /* HomeViewController.swift in Sources */ = {isa = PBXBuildFile; fileRef = 28378AD71B8D21FB00AC342A /* HomeViewController.swift */; };
		401E4A69C82BC2024ACBCB64 /* Pods_Trails.framework in Frameworks */ = {isa = PBXBuildFile; fileRef = 762EFFBA3F7C9AE4412EF91B /* Pods_Trails.framework */; settings = {ATTRIBUTES = (Weak, ); }; };
		C0A4922B03CD2BF393C45B7E /* Account.swift in Sources */ = {isa = PBXBuildFile; fileRef = C0A49199C2A83B86B50FFB98 /* Account.swift */; };
		C0A49A4A03F86C2427F44508 /* IPAddress.swift in Sources */ = {isa = PBXBuildFile; fileRef = C0A493E480EAD96391520E39 /* IPAddress.swift */; };
		C0A49BD7A3C9CAD82FED24E3 /* Config.swift in Sources */ = {isa = PBXBuildFile; fileRef = C0A49A5C0DCDA50B171019AD /* Config.swift */; };
/* End PBXBuildFile section */

/* Begin PBXContainerItemProxy section */
		28378AC41B8D0CB000AC342A /* PBXContainerItemProxy */ = {
			isa = PBXContainerItemProxy;
			containerPortal = 28378AA61B8D0CB000AC342A /* Project object */;
			proxyType = 1;
			remoteGlobalIDString = 28378AAD1B8D0CB000AC342A;
			remoteInfo = Trails;
		};
/* End PBXContainerItemProxy section */

/* Begin PBXFileReference section */
		0BC8BB43DA2FB7DFAF13699F /* Pods-Trails.debug.xcconfig */ = {isa = PBXFileReference; includeInIndex = 1; lastKnownFileType = text.xcconfig; name = "Pods-Trails.debug.xcconfig"; path = "Pods/Target Support Files/Pods-Trails/Pods-Trails.debug.xcconfig"; sourceTree = "<group>"; };
		281C9E521B90EECF00233380 /* ApiClient.swift */ = {isa = PBXFileReference; fileEncoding = 4; lastKnownFileType = sourcecode.swift; path = ApiClient.swift; sourceTree = "<group>"; };
		28378AAE1B8D0CB000AC342A /* Trails.app */ = {isa = PBXFileReference; explicitFileType = wrapper.application; includeInIndex = 0; path = Trails.app; sourceTree = BUILT_PRODUCTS_DIR; };
		28378AB21B8D0CB000AC342A /* Info.plist */ = {isa = PBXFileReference; lastKnownFileType = text.plist.xml; path = Info.plist; sourceTree = "<group>"; };
		28378AB31B8D0CB000AC342A /* AppDelegate.swift */ = {isa = PBXFileReference; lastKnownFileType = sourcecode.swift; path = AppDelegate.swift; sourceTree = "<group>"; };
		28378AB51B8D0CB000AC342A /* StartupViewController.swift */ = {isa = PBXFileReference; lastKnownFileType = sourcecode.swift; path = StartupViewController.swift; sourceTree = "<group>"; };
		28378AB81B8D0CB000AC342A /* Base */ = {isa = PBXFileReference; lastKnownFileType = file.storyboard; name = Base; path = Base.lproj/Main.storyboard; sourceTree = "<group>"; };
		28378ABA1B8D0CB000AC342A /* Images.xcassets */ = {isa = PBXFileReference; lastKnownFileType = folder.assetcatalog; path = Images.xcassets; sourceTree = "<group>"; };
		28378AC31B8D0CB000AC342A /* TrailsTests.xctest */ = {isa = PBXFileReference; explicitFileType = wrapper.cfbundle; includeInIndex = 0; path = TrailsTests.xctest; sourceTree = BUILT_PRODUCTS_DIR; };
		28378AC81B8D0CB000AC342A /* Info.plist */ = {isa = PBXFileReference; lastKnownFileType = text.plist.xml; path = Info.plist; sourceTree = "<group>"; };
		28378AC91B8D0CB000AC342A /* TrailsTests.swift */ = {isa = PBXFileReference; lastKnownFileType = sourcecode.swift; path = TrailsTests.swift; sourceTree = "<group>"; };
		28378AD71B8D21FB00AC342A /* HomeViewController.swift */ = {isa = PBXFileReference; fileEncoding = 4; lastKnownFileType = sourcecode.swift; path = HomeViewController.swift; sourceTree = "<group>"; };
		28EDEA4F1B9A13AA000BFFA7 /* Trails-Bridging-Header.h */ = {isa = PBXFileReference; lastKnownFileType = sourcecode.c.h; path = "Trails-Bridging-Header.h"; sourceTree = "<group>"; };
		762EFFBA3F7C9AE4412EF91B /* Pods_Trails.framework */ = {isa = PBXFileReference; explicitFileType = wrapper.framework; includeInIndex = 0; path = Pods_Trails.framework; sourceTree = BUILT_PRODUCTS_DIR; };
		B483CCEBD082EDB20144BF43 /* Pods-Trails.release.xcconfig */ = {isa = PBXFileReference; includeInIndex = 1; lastKnownFileType = text.xcconfig; name = "Pods-Trails.release.xcconfig"; path = "Pods/Target Support Files/Pods-Trails/Pods-Trails.release.xcconfig"; sourceTree = "<group>"; };
		C0A49199C2A83B86B50FFB98 /* Account.swift */ = {isa = PBXFileReference; fileEncoding = 4; lastKnownFileType = sourcecode.swift; path = Account.swift; sourceTree = "<group>"; };
		C0A493E480EAD96391520E39 /* IPAddress.swift */ = {isa = PBXFileReference; fileEncoding = 4; lastKnownFileType = sourcecode.swift; path = IPAddress.swift; sourceTree = "<group>"; };
		C0A49A5C0DCDA50B171019AD /* Config.swift */ = {isa = PBXFileReference; fileEncoding = 4; lastKnownFileType = sourcecode.swift; path = Config.swift; sourceTree = "<group>"; };
/* End PBXFileReference section */

/* Begin PBXFrameworksBuildPhase section */
		28378AAB1B8D0CB000AC342A /* Frameworks */ = {
			isa = PBXFrameworksBuildPhase;
			buildActionMask = 2147483647;
			files = (
				401E4A69C82BC2024ACBCB64 /* Pods_Trails.framework in Frameworks */,
			);
			runOnlyForDeploymentPostprocessing = 0;
		};
		28378AC01B8D0CB000AC342A /* Frameworks */ = {
			isa = PBXFrameworksBuildPhase;
			buildActionMask = 2147483647;
			files = (
			);
			runOnlyForDeploymentPostprocessing = 0;
		};
/* End PBXFrameworksBuildPhase section */

/* Begin PBXGroup section */
		28378AA51B8D0CB000AC342A = {
			isa = PBXGroup;
			children = (
				3058B5F6A8388AF7A0817AC7 /* Frameworks */,
				B02F856C2D5A18EBC2BF5FA4 /* Pods */,
				28378AAF1B8D0CB000AC342A /* Products */,
				28378AB01B8D0CB000AC342A /* Trails */,
				28378AC61B8D0CB000AC342A /* TrailsTests */,
			);
			sourceTree = "<group>";
		};
		28378AAF1B8D0CB000AC342A /* Products */ = {
			isa = PBXGroup;
			children = (
				28378AAE1B8D0CB000AC342A /* Trails.app */,
				28378AC31B8D0CB000AC342A /* TrailsTests.xctest */,
			);
			name = Products;
			sourceTree = "<group>";
		};
		28378AB01B8D0CB000AC342A /* Trails */ = {
			isa = PBXGroup;
			children = (
				28378AD61B8D21B800AC342A /* Controllers */,
				C0A495D6924EF1F5514B26D2 /* Models */,
				284B4D301B9095EF009AAE92 /* Startup */,
				28378AB11B8D0CB000AC342A /* Supporting Files */,
				284B4D2F1B9095C5009AAE92 /* User Interface */,
			);
			path = Trails;
			sourceTree = "<group>";
		};
		28378AB11B8D0CB000AC342A /* Supporting Files */ = {
			isa = PBXGroup;
			children = (
				28378ABA1B8D0CB000AC342A /* Images.xcassets */,
				28378AB21B8D0CB000AC342A /* Info.plist */,
				28EDEA4F1B9A13AA000BFFA7 /* Trails-Bridging-Header.h */,
			);
			path = "Supporting Files";
			sourceTree = "<group>";
		};
		28378AC61B8D0CB000AC342A /* TrailsTests */ = {
			isa = PBXGroup;
			children = (
				28378AC71B8D0CB000AC342A /* Supporting Files */,
				28378AC91B8D0CB000AC342A /* TrailsTests.swift */,
			);
			path = TrailsTests;
			sourceTree = "<group>";
		};
		28378AC71B8D0CB000AC342A /* Supporting Files */ = {
			isa = PBXGroup;
			children = (
				28378AC81B8D0CB000AC342A /* Info.plist */,
			);
			path = "Supporting Files";
			sourceTree = "<group>";
		};
		28378AD61B8D21B800AC342A /* Controllers */ = {
			isa = PBXGroup;
			children = (
				28378AD71B8D21FB00AC342A /* HomeViewController.swift */,
				28378AB51B8D0CB000AC342A /* StartupViewController.swift */,
			);
			path = Controllers;
			sourceTree = "<group>";
		};
		284B4D2F1B9095C5009AAE92 /* User Interface */ = {
			isa = PBXGroup;
			children = (
				28378AB71B8D0CB000AC342A /* Main.storyboard */,
			);
			path = "User Interface";
			sourceTree = "<group>";
		};
		284B4D301B9095EF009AAE92 /* Startup */ = {
			isa = PBXGroup;
			children = (
				28378AB31B8D0CB000AC342A /* AppDelegate.swift */,
			);
			path = Startup;
			sourceTree = "<group>";
		};
		3058B5F6A8388AF7A0817AC7 /* Frameworks */ = {
			isa = PBXGroup;
			children = (
				762EFFBA3F7C9AE4412EF91B /* Pods_Trails.framework */,
			);
			name = Frameworks;
			sourceTree = "<group>";
		};
		B02F856C2D5A18EBC2BF5FA4 /* Pods */ = {
			isa = PBXGroup;
			children = (
				0BC8BB43DA2FB7DFAF13699F /* Pods-Trails.debug.xcconfig */,
				B483CCEBD082EDB20144BF43 /* Pods-Trails.release.xcconfig */,
			);
			name = Pods;
			sourceTree = "<group>";
		};
		C0A495D6924EF1F5514B26D2 /* Models */ = {
			isa = PBXGroup;
			children = (
				C0A49199C2A83B86B50FFB98 /* Account.swift */,
				C0A49A5C0DCDA50B171019AD /* Config.swift */,
				C0A493E480EAD96391520E39 /* IPAddress.swift */,
				281C9E521B90EECF00233380 /* ApiClient.swift */,
			);
			path = Models;
			sourceTree = "<group>";
		};
/* End PBXGroup section */

/* Begin PBXNativeTarget section */
		28378AAD1B8D0CB000AC342A /* Trails */ = {
			isa = PBXNativeTarget;
			buildConfigurationList = 28378ACD1B8D0CB000AC342A /* Build configuration list for PBXNativeTarget "Trails" */;
			buildPhases = (
				B0E9323726649C4AF7E69D04 /* Check Pods Manifest.lock */,
				28378AAA1B8D0CB000AC342A /* Sources */,
				28378AAB1B8D0CB000AC342A /* Frameworks */,
				28378AAC1B8D0CB000AC342A /* Resources */,
				253E6371BA84C8CC458602C9 /* Embed Pods Frameworks */,
				24B7E5350D7F1000DC1BF85B /* Copy Pods Resources */,
			);
			buildRules = (
			);
			dependencies = (
			);
			name = Trails;
			productName = Trails;
			productReference = 28378AAE1B8D0CB000AC342A /* Trails.app */;
			productType = "com.apple.product-type.application";
		};
		28378AC21B8D0CB000AC342A /* TrailsTests */ = {
			isa = PBXNativeTarget;
			buildConfigurationList = 28378AD01B8D0CB000AC342A /* Build configuration list for PBXNativeTarget "TrailsTests" */;
			buildPhases = (
				28378ABF1B8D0CB000AC342A /* Sources */,
				28378AC01B8D0CB000AC342A /* Frameworks */,
				28378AC11B8D0CB000AC342A /* Resources */,
			);
			buildRules = (
			);
			dependencies = (
				28378AC51B8D0CB000AC342A /* PBXTargetDependency */,
			);
			name = TrailsTests;
			productName = TrailsTests;
			productReference = 28378AC31B8D0CB000AC342A /* TrailsTests.xctest */;
			productType = "com.apple.product-type.bundle.unit-test";
		};
/* End PBXNativeTarget section */

/* Begin PBXProject section */
		28378AA61B8D0CB000AC342A /* Project object */ = {
			isa = PBXProject;
			attributes = {
				LastSwiftUpdateCheck = 0700;
				LastUpgradeCheck = 0640;
				ORGANIZATIONNAME = "Bearch Inc.";
				TargetAttributes = {
					28378AAD1B8D0CB000AC342A = {
						CreatedOnToolsVersion = 6.4;
					};
					28378AC21B8D0CB000AC342A = {
						CreatedOnToolsVersion = 6.4;
						TestTargetID = 28378AAD1B8D0CB000AC342A;
					};
				};
			};
			buildConfigurationList = 28378AA91B8D0CB000AC342A /* Build configuration list for PBXProject "Trails" */;
			compatibilityVersion = "Xcode 3.2";
			developmentRegion = English;
			hasScannedForEncodings = 0;
			knownRegions = (
				en,
				Base,
			);
			mainGroup = 28378AA51B8D0CB000AC342A;
			productRefGroup = 28378AAF1B8D0CB000AC342A /* Products */;
			projectDirPath = "";
			projectRoot = "";
			targets = (
				28378AAD1B8D0CB000AC342A /* Trails */,
				28378AC21B8D0CB000AC342A /* TrailsTests */,
			);
		};
/* End PBXProject section */

/* Begin PBXResourcesBuildPhase section */
		28378AAC1B8D0CB000AC342A /* Resources */ = {
			isa = PBXResourcesBuildPhase;
			buildActionMask = 2147483647;
			files = (
				28378AB91B8D0CB000AC342A /* Main.storyboard in Resources */,
				28378ABB1B8D0CB000AC342A /* Images.xcassets in Resources */,
			);
			runOnlyForDeploymentPostprocessing = 0;
		};
		28378AC11B8D0CB000AC342A /* Resources */ = {
			isa = PBXResourcesBuildPhase;
			buildActionMask = 2147483647;
			files = (
			);
			runOnlyForDeploymentPostprocessing = 0;
		};
/* End PBXResourcesBuildPhase section */

/* Begin PBXShellScriptBuildPhase section */
		24B7E5350D7F1000DC1BF85B /* Copy Pods Resources */ = {
			isa = PBXShellScriptBuildPhase;
			buildActionMask = 2147483647;
			files = (
			);
			inputPaths = (
			);
			name = "Copy Pods Resources";
			outputPaths = (
			);
			runOnlyForDeploymentPostprocessing = 0;
			shellPath = /bin/sh;
			shellScript = "\"${SRCROOT}/Pods/Target Support Files/Pods-Trails/Pods-Trails-resources.sh\"\n";
			showEnvVarsInLog = 0;
		};
		253E6371BA84C8CC458602C9 /* Embed Pods Frameworks */ = {
			isa = PBXShellScriptBuildPhase;
			buildActionMask = 2147483647;
			files = (
			);
			inputPaths = (
			);
			name = "Embed Pods Frameworks";
			outputPaths = (
			);
			runOnlyForDeploymentPostprocessing = 0;
			shellPath = /bin/sh;
			shellScript = "\"${SRCROOT}/Pods/Target Support Files/Pods-Trails/Pods-Trails-frameworks.sh\"\n";
			showEnvVarsInLog = 0;
		};
		B0E9323726649C4AF7E69D04 /* Check Pods Manifest.lock */ = {
			isa = PBXShellScriptBuildPhase;
			buildActionMask = 2147483647;
			files = (
			);
			inputPaths = (
			);
			name = "Check Pods Manifest.lock";
			outputPaths = (
			);
			runOnlyForDeploymentPostprocessing = 0;
			shellPath = /bin/sh;
			shellScript = "diff \"${PODS_ROOT}/../Podfile.lock\" \"${PODS_ROOT}/Manifest.lock\" > /dev/null\nif [[ $? != 0 ]] ; then\n    cat << EOM\nerror: The sandbox is not in sync with the Podfile.lock. Run 'pod install' or update your CocoaPods installation.\nEOM\n    exit 1\nfi\n";
			showEnvVarsInLog = 0;
		};
/* End PBXShellScriptBuildPhase section */

/* Begin PBXSourcesBuildPhase section */
		28378AAA1B8D0CB000AC342A /* Sources */ = {
			isa = PBXSourcesBuildPhase;
			buildActionMask = 2147483647;
			files = (
				281C9E531B90EECF00233380 /* ApiClient.swift in Sources */,
				28378AB61B8D0CB000AC342A /* StartupViewController.swift in Sources */,
				28378AB41B8D0CB000AC342A /* AppDelegate.swift in Sources */,
				28378AD81B8D21FB00AC342A /* HomeViewController.swift in Sources */,
				C0A4922B03CD2BF393C45B7E /* Account.swift in Sources */,
				C0A49BD7A3C9CAD82FED24E3 /* Config.swift in Sources */,
				C0A49A4A03F86C2427F44508 /* IPAddress.swift in Sources */,
			);
			runOnlyForDeploymentPostprocessing = 0;
		};
		28378ABF1B8D0CB000AC342A /* Sources */ = {
			isa = PBXSourcesBuildPhase;
			buildActionMask = 2147483647;
			files = (
				28378ACA1B8D0CB000AC342A /* TrailsTests.swift in Sources */,
			);
			runOnlyForDeploymentPostprocessing = 0;
		};
/* End PBXSourcesBuildPhase section */

/* Begin PBXTargetDependency section */
		28378AC51B8D0CB000AC342A /* PBXTargetDependency */ = {
			isa = PBXTargetDependency;
			target = 28378AAD1B8D0CB000AC342A /* Trails */;
			targetProxy = 28378AC41B8D0CB000AC342A /* PBXContainerItemProxy */;
		};
/* End PBXTargetDependency section */

/* Begin PBXVariantGroup section */
		28378AB71B8D0CB000AC342A /* Main.storyboard */ = {
			isa = PBXVariantGroup;
			children = (
				28378AB81B8D0CB000AC342A /* Base */,
			);
			name = Main.storyboard;
			path = .;
			sourceTree = "<group>";
		};
/* End PBXVariantGroup section */

/* Begin XCBuildConfiguration section */
		28378ACB1B8D0CB000AC342A /* Dev */ = {
			isa = XCBuildConfiguration;
			buildSettings = {
				ALWAYS_SEARCH_USER_PATHS = NO;
				CLANG_CXX_LANGUAGE_STANDARD = "gnu++0x";
				CLANG_CXX_LIBRARY = "libc++";
				CLANG_ENABLE_MODULES = YES;
				CLANG_ENABLE_OBJC_ARC = YES;
				CLANG_WARN_BOOL_CONVERSION = YES;
				CLANG_WARN_CONSTANT_CONVERSION = YES;
				CLANG_WARN_DIRECT_OBJC_ISA_USAGE = YES_ERROR;
				CLANG_WARN_EMPTY_BODY = YES;
				CLANG_WARN_ENUM_CONVERSION = YES;
				CLANG_WARN_INT_CONVERSION = YES;
				CLANG_WARN_OBJC_ROOT_CLASS = YES_ERROR;
				CLANG_WARN_UNREACHABLE_CODE = YES;
				CLANG_WARN__DUPLICATE_METHOD_MATCH = YES;
				"CODE_SIGN_IDENTITY[sdk=iphoneos*]" = "iPhone Developer";
				COPY_PHASE_STRIP = NO;
				DEBUG_INFORMATION_FORMAT = "dwarf-with-dsym";
				ENABLE_STRICT_OBJC_MSGSEND = YES;
				GCC_C_LANGUAGE_STANDARD = gnu99;
				GCC_DYNAMIC_NO_PIC = NO;
				GCC_NO_COMMON_BLOCKS = YES;
				GCC_OPTIMIZATION_LEVEL = 0;
				GCC_PREPROCESSOR_DEFINITIONS = (
					"DEBUG=1",
					"$(inherited)",
				);
				GCC_SYMBOLS_PRIVATE_EXTERN = NO;
				GCC_WARN_64_TO_32_BIT_CONVERSION = YES;
				GCC_WARN_ABOUT_RETURN_TYPE = YES_ERROR;
				GCC_WARN_UNDECLARED_SELECTOR = YES;
				GCC_WARN_UNINITIALIZED_AUTOS = YES_AGGRESSIVE;
				GCC_WARN_UNUSED_FUNCTION = YES;
				GCC_WARN_UNUSED_VARIABLE = YES;
				IPHONEOS_DEPLOYMENT_TARGET = 8.4;
				MTL_ENABLE_DEBUG_INFO = YES;
				ONLY_ACTIVE_ARCH = YES;
				SDKROOT = iphoneos;
				SWIFT_OPTIMIZATION_LEVEL = "-Onone";
			};
			name = Dev;
		};
		28378ACC1B8D0CB000AC342A /* AppStore */ = {
			isa = XCBuildConfiguration;
			buildSettings = {
				ALWAYS_SEARCH_USER_PATHS = NO;
				CLANG_CXX_LANGUAGE_STANDARD = "gnu++0x";
				CLANG_CXX_LIBRARY = "libc++";
				CLANG_ENABLE_MODULES = YES;
				CLANG_ENABLE_OBJC_ARC = YES;
				CLANG_WARN_BOOL_CONVERSION = YES;
				CLANG_WARN_CONSTANT_CONVERSION = YES;
				CLANG_WARN_DIRECT_OBJC_ISA_USAGE = YES_ERROR;
				CLANG_WARN_EMPTY_BODY = YES;
				CLANG_WARN_ENUM_CONVERSION = YES;
				CLANG_WARN_INT_CONVERSION = YES;
				CLANG_WARN_OBJC_ROOT_CLASS = YES_ERROR;
				CLANG_WARN_UNREACHABLE_CODE = YES;
				CLANG_WARN__DUPLICATE_METHOD_MATCH = YES;
				"CODE_SIGN_IDENTITY[sdk=iphoneos*]" = "iPhone Developer";
				COPY_PHASE_STRIP = NO;
				DEBUG_INFORMATION_FORMAT = "dwarf-with-dsym";
				ENABLE_NS_ASSERTIONS = NO;
				ENABLE_STRICT_OBJC_MSGSEND = YES;
				GCC_C_LANGUAGE_STANDARD = gnu99;
				GCC_NO_COMMON_BLOCKS = YES;
				GCC_WARN_64_TO_32_BIT_CONVERSION = YES;
				GCC_WARN_ABOUT_RETURN_TYPE = YES_ERROR;
				GCC_WARN_UNDECLARED_SELECTOR = YES;
				GCC_WARN_UNINITIALIZED_AUTOS = YES_AGGRESSIVE;
				GCC_WARN_UNUSED_FUNCTION = YES;
				GCC_WARN_UNUSED_VARIABLE = YES;
				IPHONEOS_DEPLOYMENT_TARGET = 8.4;
				MTL_ENABLE_DEBUG_INFO = NO;
				SDKROOT = iphoneos;
				VALIDATE_PRODUCT = YES;
			};
			name = AppStore;
		};
		28378ACE1B8D0CB000AC342A /* Dev */ = {
			isa = XCBuildConfiguration;
			baseConfigurationReference = 0BC8BB43DA2FB7DFAF13699F /* Pods-Trails.debug.xcconfig */;
			buildSettings = {
				ASSETCATALOG_COMPILER_APPICON_NAME = AppIcon;
				CLANG_ENABLE_MODULES = YES;
				FLAVOR = "\\\"dev\\\"";
				GCC_PREPROCESSOR_DEFINITIONS = (
					"$(inherited)",
					"COCOAPODS=1",
					"FLAVOR=$FLAVOR",
				);
				INFOPLIST_FILE = "Trails/Supporting Files/Info.plist";
				LD_RUNPATH_SEARCH_PATHS = "$(inherited) @executable_path/Frameworks";
				OTHER_SWIFT_FLAGS = "$(inherited) \"-D\" \"COCOAPODS\" -D FLAVOR";
				PRODUCT_NAME = "$(TARGET_NAME)";
				SWIFT_OBJC_BRIDGING_HEADER = "Trails/Supporting Files/Trails-Bridging-Header.h";
				SWIFT_OPTIMIZATION_LEVEL = "-Onone";
			};
			name = Dev;
		};
		28378ACF1B8D0CB000AC342A /* AppStore */ = {
			isa = XCBuildConfiguration;
			baseConfigurationReference = B483CCEBD082EDB20144BF43 /* Pods-Trails.release.xcconfig */;
			buildSettings = {
				ASSETCATALOG_COMPILER_APPICON_NAME = AppIcon;
				CLANG_ENABLE_MODULES = YES;
				FLAVOR = "\\\"appstore\\\"";
				GCC_PREPROCESSOR_DEFINITIONS = (
					"$(inherited)",
					"COCOAPODS=1",
					"FLAVOR=$FLAVOR",
				);
				INFOPLIST_FILE = "Trails/Supporting Files/Info.plist";
				LD_RUNPATH_SEARCH_PATHS = "$(inherited) @executable_path/Frameworks";
				OTHER_SWIFT_FLAGS = "$(inherited) \"-D\" \"COCOAPODS\" -D FLAVOR";
				PRODUCT_NAME = "$(TARGET_NAME)";
				SWIFT_OBJC_BRIDGING_HEADER = "Trails/Supporting Files/Trails-Bridging-Header.h";
			};
			name = AppStore;
		};
		28378AD11B8D0CB000AC342A /* Dev */ = {
			isa = XCBuildConfiguration;
			buildSettings = {
				BUNDLE_LOADER = "$(TEST_HOST)";
				FRAMEWORK_SEARCH_PATHS = (
					"$(SDKROOT)/Developer/Library/Frameworks",
					"$(inherited)",
				);
				GCC_PREPROCESSOR_DEFINITIONS = (
					"DEBUG=1",
					"$(inherited)",
				);
				INFOPLIST_FILE = "TrailsTests/Supporting Files/Info.plist";
				LD_RUNPATH_SEARCH_PATHS = "$(inherited) @executable_path/Frameworks @loader_path/Frameworks";
				PRODUCT_NAME = "$(TARGET_NAME)";
				TEST_HOST = "$(BUILT_PRODUCTS_DIR)/Trails.app/Trails";
			};
			name = Dev;
		};
		28378AD21B8D0CB000AC342A /* AppStore */ = {
			isa = XCBuildConfiguration;
			buildSettings = {
				BUNDLE_LOADER = "$(TEST_HOST)";
				FRAMEWORK_SEARCH_PATHS = (
					"$(SDKROOT)/Developer/Library/Frameworks",
					"$(inherited)",
				);
				INFOPLIST_FILE = "TrailsTests/Supporting Files/Info.plist";
				LD_RUNPATH_SEARCH_PATHS = "$(inherited) @executable_path/Frameworks @loader_path/Frameworks";
				PRODUCT_NAME = "$(TARGET_NAME)";
				TEST_HOST = "$(BUILT_PRODUCTS_DIR)/Trails.app/Trails";
			};
			name = AppStore;
		};
		28EDEA4C1B9A12AC000BFFA7 /* Staging */ = {
			isa = XCBuildConfiguration;
			buildSettings = {
				ALWAYS_SEARCH_USER_PATHS = NO;
				CLANG_CXX_LANGUAGE_STANDARD = "gnu++0x";
				CLANG_CXX_LIBRARY = "libc++";
				CLANG_ENABLE_MODULES = YES;
				CLANG_ENABLE_OBJC_ARC = YES;
				CLANG_WARN_BOOL_CONVERSION = YES;
				CLANG_WARN_CONSTANT_CONVERSION = YES;
				CLANG_WARN_DIRECT_OBJC_ISA_USAGE = YES_ERROR;
				CLANG_WARN_EMPTY_BODY = YES;
				CLANG_WARN_ENUM_CONVERSION = YES;
				CLANG_WARN_INT_CONVERSION = YES;
				CLANG_WARN_OBJC_ROOT_CLASS = YES_ERROR;
				CLANG_WARN_UNREACHABLE_CODE = YES;
				CLANG_WARN__DUPLICATE_METHOD_MATCH = YES;
				"CODE_SIGN_IDENTITY[sdk=iphoneos*]" = "iPhone Developer";
				COPY_PHASE_STRIP = NO;
				DEBUG_INFORMATION_FORMAT = "dwarf-with-dsym";
				ENABLE_STRICT_OBJC_MSGSEND = YES;
				GCC_C_LANGUAGE_STANDARD = gnu99;
				GCC_DYNAMIC_NO_PIC = NO;
				GCC_NO_COMMON_BLOCKS = YES;
				GCC_OPTIMIZATION_LEVEL = 0;
				GCC_PREPROCESSOR_DEFINITIONS = (
					"DEBUG=1",
					"$(inherited)",
				);
				GCC_SYMBOLS_PRIVATE_EXTERN = NO;
				GCC_WARN_64_TO_32_BIT_CONVERSION = YES;
				GCC_WARN_ABOUT_RETURN_TYPE = YES_ERROR;
				GCC_WARN_UNDECLARED_SELECTOR = YES;
				GCC_WARN_UNINITIALIZED_AUTOS = YES_AGGRESSIVE;
				GCC_WARN_UNUSED_FUNCTION = YES;
				GCC_WARN_UNUSED_VARIABLE = YES;
				IPHONEOS_DEPLOYMENT_TARGET = 8.4;
				MTL_ENABLE_DEBUG_INFO = YES;
				ONLY_ACTIVE_ARCH = YES;
				SDKROOT = iphoneos;
				SWIFT_OPTIMIZATION_LEVEL = "-Onone";
			};
			name = Staging;
		};
		28EDEA4D1B9A12AC000BFFA7 /* Staging */ = {
			isa = XCBuildConfiguration;
			baseConfigurationReference = 0BC8BB43DA2FB7DFAF13699F /* Pods-Trails.debug.xcconfig */;
			buildSettings = {
				ASSETCATALOG_COMPILER_APPICON_NAME = AppIcon;
				CLANG_ENABLE_MODULES = YES;
				FLAVOR = "\\\"staging\\\"";
				GCC_PREPROCESSOR_DEFINITIONS = (
					"$(inherited)",
					"COCOAPODS=1",
					"FLAVOR=$FLAVOR",
				);
				INFOPLIST_FILE = "Trails/Supporting Files/Info.plist";
				LD_RUNPATH_SEARCH_PATHS = "$(inherited) @executable_path/Frameworks";
				OTHER_SWIFT_FLAGS = "$(inherited) \"-D\" \"COCOAPODS\" -D FLAVOR";
				PRODUCT_NAME = "$(TARGET_NAME)";
				SWIFT_OBJC_BRIDGING_HEADER = "Trails/Supporting Files/Trails-Bridging-Header.h";
				SWIFT_OPTIMIZATION_LEVEL = "-Onone";
			};
			name = Staging;
		};
		28EDEA4E1B9A12AC000BFFA7 /* Staging */ = {
			isa = XCBuildConfiguration;
			buildSettings = {
				BUNDLE_LOADER = "$(TEST_HOST)";
				FRAMEWORK_SEARCH_PATHS = (
					"$(SDKROOT)/Developer/Library/Frameworks",
					"$(inherited)",
				);
				GCC_PREPROCESSOR_DEFINITIONS = (
					"DEBUG=1",
					"$(inherited)",
				);
				INFOPLIST_FILE = "TrailsTests/Supporting Files/Info.plist";
				LD_RUNPATH_SEARCH_PATHS = "$(inherited) @executable_path/Frameworks @loader_path/Frameworks";
				PRODUCT_NAME = "$(TARGET_NAME)";
				TEST_HOST = "$(BUILT_PRODUCTS_DIR)/Trails.app/Trails";
			};
			name = Staging;
		};
/* End XCBuildConfiguration section */

/* Begin XCConfigurationList section */
		28378AA91B8D0CB000AC342A /* Build configuration list for PBXProject "Trails" */ = {
			isa = XCConfigurationList;
			buildConfigurations = (
				28378ACB1B8D0CB000AC342A /* Dev */,
				28EDEA4C1B9A12AC000BFFA7 /* Staging */,
				28378ACC1B8D0CB000AC342A /* AppStore */,
			);
			defaultConfigurationIsVisible = 0;
			defaultConfigurationName = Dev;
		};
		28378ACD1B8D0CB000AC342A /* Build configuration list for PBXNativeTarget "Trails" */ = {
			isa = XCConfigurationList;
			buildConfigurations = (
				28378ACE1B8D0CB000AC342A /* Dev */,
				28EDEA4D1B9A12AC000BFFA7 /* Staging */,
				28378ACF1B8D0CB000AC342A /* AppStore */,
			);
			defaultConfigurationIsVisible = 0;
			defaultConfigurationName = Dev;
		};
		28378AD01B8D0CB000AC342A /* Build configuration list for PBXNativeTarget "TrailsTests" */ = {
			isa = XCConfigurationList;
			buildConfigurations = (
				28378AD11B8D0CB000AC342A /* Dev */,
				28EDEA4E1B9A12AC000BFFA7 /* Staging */,
				28378AD21B8D0CB000AC342A /* AppStore */,
			);
			defaultConfigurationIsVisible = 0;
			defaultConfigurationName = Dev;
		};
/* End XCConfigurationList section */
	};
	rootObject = 28378AA61B8D0CB000AC342A /* Project object */;
}
